
Microsoft Visual Studio Solution File, Format Version 12.00
# Visual Studio Version 17
VisualStudioVersion = 17.7.34202.233
MinimumVisualStudioVersion = 10.0.40219.1
Project("{FAE04EC0-301F-11D3-BF4B-00C04F79EFBC}") = "VitalDatenSimulator", "Vitaldatensimulator\VitalDatenSimulator.csproj", "{5769F5F7-77DD-4372-BF71-C5826CB9CD1E}"
EndProject
Project("{FAE04EC0-301F-11D3-BF4B-00C04F79EFBC}") = "Database", "Database\Database.csproj", "{C76FB375-105D-435E-A38F-97F04B127DDC}"
EndProject
Project("{FAE04EC0-301F-11D3-BF4B-00C04F79EFBC}") = "MediTrack", "WpfApp1\MediTrack.csproj", "{291C185B-5A21-4F14-B68D-D149D007E02A}"
EndProject
Project("{FAE04EC0-301F-11D3-BF4B-00C04F79EFBC}") = "Patientenverwaltung", "Patientenverwaltung\Patientenverwaltung.csproj", "{AF4E70EE-CC62-4398-8032-7AC85F6F730A}"
EndProject
Global
	GlobalSection(SolutionConfigurationPlatforms) = preSolution
		Debug|Any CPU = Debug|Any CPU
		Release|Any CPU = Release|Any CPU
	EndGlobalSection
	GlobalSection(ProjectConfigurationPlatforms) = postSolution
		{5769F5F7-77DD-4372-BF71-C5826CB9CD1E}.Debug|Any CPU.ActiveCfg = Debug|Any CPU
		{5769F5F7-77DD-4372-BF71-C5826CB9CD1E}.Debug|Any CPU.Build.0 = Debug|Any CPU
		{5769F5F7-77DD-4372-BF71-C5826CB9CD1E}.Release|Any CPU.ActiveCfg = Release|Any CPU
		{5769F5F7-77DD-4372-BF71-C5826CB9CD1E}.Release|Any CPU.Build.0 = Release|Any CPU
		{C76FB375-105D-435E-A38F-97F04B127DDC}.Debug|Any CPU.ActiveCfg = Debug|Any CPU
		{C76FB375-105D-435E-A38F-97F04B127DDC}.Debug|Any CPU.Build.0 = Debug|Any CPU
		{C76FB375-105D-435E-A38F-97F04B127DDC}.Release|Any CPU.ActiveCfg = Release|Any CPU
		{C76FB375-105D-435E-A38F-97F04B127DDC}.Release|Any CPU.Build.0 = Release|Any CPU
		{291C185B-5A21-4F14-B68D-D149D007E02A}.Debug|Any CPU.ActiveCfg = Debug|Any CPU
		{291C185B-5A21-4F14-B68D-D149D007E02A}.Debug|Any CPU.Build.0 = Debug|Any CPU
		{291C185B-5A21-4F14-B68D-D149D007E02A}.Release|Any CPU.ActiveCfg = Release|Any CPU
		{291C185B-5A21-4F14-B68D-D149D007E02A}.Release|Any CPU.Build.0 = Release|Any CPU
		{AF4E70EE-CC62-4398-8032-7AC85F6F730A}.Debug|Any CPU.ActiveCfg = Debug|Any CPU
		{AF4E70EE-CC62-4398-8032-7AC85F6F730A}.Debug|Any CPU.Build.0 = Debug|Any CPU
		{AF4E70EE-CC62-4398-8032-7AC85F6F730A}.Release|Any CPU.ActiveCfg = Release|Any CPU
		{AF4E70EE-CC62-4398-8032-7AC85F6F730A}.Release|Any CPU.Build.0 = Release|Any CPU
	EndGlobalSection
	GlobalSection(SolutionProperties) = preSolution
		HideSolutionNode = FALSE
	EndGlobalSection
	GlobalSection(ExtensibilityGlobals) = postSolution
		SolutionGuid = {141400A4-6D8F-4431-8548-0403777AD2DA}
	EndGlobalSection
EndGlobal
